
Microsoft Visual Studio Solution File, Format Version 12.00
# Visual Studio Version 17
VisualStudioVersion = 17.5.002.0
MinimumVisualStudioVersion = 10.0.40219.1
Project("{9A19103F-16F7-4668-BE54-9A1E7A4F7556}") = "EFApp", "EFApp.csproj", "{22A31DE3-1D66-4639-8C81-FAA26466877A}"
EndProject
Global
	GlobalSection(SolutionConfigurationPlatforms) = preSolution
		Debug|Any CPU = Debug|Any CPU
		Release|Any CPU = Release|Any CPU
	EndGlobalSection
	GlobalSection(ProjectConfigurationPlatforms) = postSolution
		{22A31DE3-1D66-4639-8C81-FAA26466877A}.Debug|Any CPU.ActiveCfg = Debug|Any CPU
		{22A31DE3-1D66-4639-8C81-FAA26466877A}.Debug|Any CPU.Build.0 = Debug|Any CPU
		{22A31DE3-1D66-4639-8C81-FAA26466877A}.Release|Any CPU.ActiveCfg = Release|Any CPU
		{22A31DE3-1D66-4639-8C81-FAA26466877A}.Release|Any CPU.Build.0 = Release|Any CPU
	EndGlobalSection
	GlobalSection(SolutionProperties) = preSolution
		HideSolutionNode = FALSE
	EndGlobalSection
	GlobalSection(ExtensibilityGlobals) = postSolution
		SolutionGuid = {B5684D0B-A570-4DDC-A5B6-D8EB57E379E5}
	EndGlobalSection
EndGlobal
